# THIS IS AN AUTOGENERATED FILE. DO NOT EDIT THIS FILE DIRECTLY.
assets/slick-theme.css.liquid:
  development: 2018-08-05T18:00:07-04:00   99ffef207cdbad3ad25198c7de4eddda
assets/timber.js.liquid:
  development: 2018-08-05T17:23:07-04:00   7754c91a15606a88f6a85aa40be0d1c1
assets/timber.scss.liquid:
  development: 2018-08-05T18:00:51-04:00   99c455a4b737d57f412e2d30a6a10aea
snippets/ingredients.liquid:
  development: 2018-08-17T22:55:34-04:00   53d307e20a1918b6485de75a6d1447b8
snippets/product-grid-item.liquid:
  development: 2018-08-05T17:13:46-04:00   4505e56e8b5452f4a7cc93da96577ac3
snippets/quotes.liquid:
  development: 2018-08-17T22:53:35-04:00   5394876b671d5374ff1ac7ae24266e77
templates/product.liquid:
  development: 2018-08-17T22:57:39-04:00   4747755ace4e729ccaf0a7b6fde3f0ce
